
Microsoft Visual Studio Solution File, Format Version 12.00
# Visual Studio Version 16
VisualStudioVersion = 16.0.31911.196
MinimumVisualStudioVersion = 10.0.40219.1
Project("{FAE04EC0-301F-11D3-BF4B-00C04F79EFBC}") = "DistributedSystems", "DistributedSystems\DistributedSystems.csproj", "{D694D3DD-0A9D-43D3-B47D-12A9E6AE548B}"
EndProject
Global
	GlobalSection(SolutionConfigurationPlatforms) = preSolution
		Debug|Any CPU = Debug|Any CPU
		Release|Any CPU = Release|Any CPU
	EndGlobalSection
	GlobalSection(ProjectConfigurationPlatforms) = postSolution
		{D694D3DD-0A9D-43D3-B47D-12A9E6AE548B}.Debug|Any CPU.ActiveCfg = Debug|Any CPU
		{D694D3DD-0A9D-43D3-B47D-12A9E6AE548B}.Debug|Any CPU.Build.0 = Debug|Any CPU
		{D694D3DD-0A9D-43D3-B47D-12A9E6AE548B}.Release|Any CPU.ActiveCfg = Release|Any CPU
		{D694D3DD-0A9D-43D3-B47D-12A9E6AE548B}.Release|Any CPU.Build.0 = Release|Any CPU
	EndGlobalSection
	GlobalSection(SolutionProperties) = preSolution
		HideSolutionNode = FALSE
	EndGlobalSection
	GlobalSection(ExtensibilityGlobals) = postSolution
		SolutionGuid = {56140305-C274-4FED-9D9D-3EEE1E7AADE7}
	EndGlobalSection
EndGlobal
